
Microsoft Visual Studio Solution File, Format Version 12.00
# Visual Studio Version 17
VisualStudioVersion = 17.8.34408.163
MinimumVisualStudioVersion = 10.0.40219.1
Project("{8BC9CEB8-8B4A-11D0-8D11-00A0C91BC942}") = "Animals1", "Animals1\Animals1.vcxproj", "{3D26BF88-D196-4331-8597-D58C16FAAA39}"
EndProject
Global
	GlobalSection(SolutionConfigurationPlatforms) = preSolution
		Debug|x64 = Debug|x64
		Debug|x86 = Debug|x86
		Release|x64 = Release|x64
		Release|x86 = Release|x86
	EndGlobalSection
	GlobalSection(ProjectConfigurationPlatforms) = postSolution
		{3D26BF88-D196-4331-8597-D58C16FAAA39}.Debug|x64.ActiveCfg = Debug|x64
		{3D26BF88-D196-4331-8597-D58C16FAAA39}.Debug|x64.Build.0 = Debug|x64
		{3D26BF88-D196-4331-8597-D58C16FAAA39}.Debug|x86.ActiveCfg = Debug|Win32
		{3D26BF88-D196-4331-8597-D58C16FAAA39}.Debug|x86.Build.0 = Debug|Win32
		{3D26BF88-D196-4331-8597-D58C16FAAA39}.Release|x64.ActiveCfg = Release|x64
		{3D26BF88-D196-4331-8597-D58C16FAAA39}.Release|x64.Build.0 = Release|x64
		{3D26BF88-D196-4331-8597-D58C16FAAA39}.Release|x86.ActiveCfg = Release|Win32
		{3D26BF88-D196-4331-8597-D58C16FAAA39}.Release|x86.Build.0 = Release|Win32
	EndGlobalSection
	GlobalSection(SolutionProperties) = preSolution
		HideSolutionNode = FALSE
	EndGlobalSection
	GlobalSection(ExtensibilityGlobals) = postSolution
		SolutionGuid = {4BC79FBB-F425-4CCB-9E7D-EB3328FD796C}
	EndGlobalSection
EndGlobal
